[tools."aqua:golangci/golangci-lint"]
version = "1.64.5"
backend = "aqua:golangci/golangci-lint"

[tools.go]
version = "1.24.0"
backend = "core:go"

[tools.node]
version = "22.14.0"
backend = "core:node"

[tools."ubi:abhinav/doc2go"]
version = "0.8.1"
backend = "ubi:abhinav/doc2go"

[tools."ubi:miniscruff/changie"]
version = "1.21.1"
backend = "ubi:miniscruff/changie"
