[[tools."aqua:golangci/golangci-lint"]]
version = "2.6.2"
backend = "aqua:golangci/golangci-lint"

[tools."aqua:golangci/golangci-lint".platforms.macos-arm64]
checksum = "sha256:6164de2b9a9e6b4b8deea57c5072ada5d6d41bf5cca0b2f744e7b3d6e818fe0d"
size = 13801291
url = "https://github.com/golangci/golangci-lint/releases/download/v2.6.2/golangci-lint-2.6.2-darwin-arm64.tar.gz"

[[tools.go]]
version = "1.25.4"
backend = "core:go"

[tools.go.platforms.macos-arm64]
checksum = "sha256:c1b04e74251fe1dfbc5382e73d0c6d96f49642d8aebb7ee10a7ecd4cae36ebd2"
size = 58026727
url = "https://dl.google.com/go/go1.25.4.darwin-arm64.tar.gz"

[[tools.node]]
version = "24.11.1"
backend = "core:node"

[tools.node.platforms.macos-arm64]
checksum = "sha256:b05aa3a66efe680023f930bd5af3fdbbd542794da5644ca2ad711d68cbd4dc35"
size = 51177814
url = "https://nodejs.org/dist/v24.11.1/node-v24.11.1-darwin-arm64.tar.gz"

[[tools."ubi:abhinav/doc2go"]]
version = "0.9.1"
backend = "ubi:abhinav/doc2go"

[tools."ubi:abhinav/doc2go".platforms.macos-arm64-doc2go]
checksum = "blake3:cc38468677cc6797302514898311280d5e21df72976d6139342e6b531b58d0b5"

[[tools."ubi:miniscruff/changie"]]
version = "1.23.0"
backend = "ubi:miniscruff/changie"

[tools."ubi:miniscruff/changie".platforms.macos-arm64-changie]
checksum = "blake3:5a172e61b94777a6dcf34bf83029ef46d88272c78aa27e8aea494072d8bf3246"
